<Solution>
  <Folder Name="/src/">
    <Project Path="src/MinecraftInstanceMigration.App/MinecraftInstanceMigration.App.csproj" />
    <Project Path="src/MinecraftInstanceMigration.Application/MinecraftInstanceMigration.Application.csproj" />
    <Project Path="src/MinecraftInstanceMigration.Domain/MinecraftInstanceMigration.Domain.csproj" />
    <Project Path="src/MinecraftInstanceMigration.Infrastructure/MinecraftInstanceMigration.Infrastructure.csproj" />
  </Folder>
  <Folder Name="/tests/">
    <Project Path="tests/MinecraftInstanceMigration.App.Tests/MinecraftInstanceMigration.App.Tests.csproj" />
    <Project Path="tests/MinecraftInstanceMigration.Application.Tests/MinecraftInstanceMigration.Application.Tests.csproj" />
    <Project Path="tests/MinecraftInstanceMigration.Domain.Tests/MinecraftInstanceMigration.Domain.Tests.csproj" />
    <Project Path="tests/MinecraftInstanceMigration.Infrastructure.Tests/MinecraftInstanceMigration.Infrastructure.Tests.csproj" />
  </Folder>
</Solution>
